
Microsoft Visual Studio Solution File, Format Version 12.00
# Visual Studio Version 17
VisualStudioVersion = 17.11.35312.102
MinimumVisualStudioVersion = 10.0.40219.1
Project("{FAE04EC0-301F-11D3-BF4B-00C04F79EFBC}") = "oscae-compiler", "oscae-compiler.csproj", "{D7F3DD34-AB9E-4FC4-B894-C248674F1EC3}"
EndProject
Global
	GlobalSection(SolutionConfigurationPlatforms) = preSolution
		Debug|Any CPU = Debug|Any CPU
		Release|Any CPU = Release|Any CPU
	EndGlobalSection
	GlobalSection(ProjectConfigurationPlatforms) = postSolution
		{D7F3DD34-AB9E-4FC4-B894-C248674F1EC3}.Debug|Any CPU.ActiveCfg = Debug|Any CPU
		{D7F3DD34-AB9E-4FC4-B894-C248674F1EC3}.Debug|Any CPU.Build.0 = Debug|Any CPU
		{D7F3DD34-AB9E-4FC4-B894-C248674F1EC3}.Release|Any CPU.ActiveCfg = Release|Any CPU
		{D7F3DD34-AB9E-4FC4-B894-C248674F1EC3}.Release|Any CPU.Build.0 = Release|Any CPU
	EndGlobalSection
	GlobalSection(SolutionProperties) = preSolution
		HideSolutionNode = FALSE
	EndGlobalSection
	GlobalSection(ExtensibilityGlobals) = postSolution
		SolutionGuid = {26B8F14A-42A2-4E9E-9849-2D1B9627FB78}
	EndGlobalSection
EndGlobal
